
Microsoft Visual Studio Solution File, Format Version 12.00
# Visual Studio Version 17
VisualStudioVersion = 17.1.32328.378
MinimumVisualStudioVersion = 10.0.40219.1
Project("{FAE04EC0-301F-11D3-BF4B-00C04F79EFBC}") = "SalesWebMvc", "SalesWebMvc\SalesWebMvc.csproj", "{B36B1E07-D9C0-4CB5-9055-EA8C0A622BA8}"
EndProject
Global
	GlobalSection(SolutionConfigurationPlatforms) = preSolution
		Debug|Any CPU = Debug|Any CPU
		Release|Any CPU = Release|Any CPU
	EndGlobalSection
	GlobalSection(ProjectConfigurationPlatforms) = postSolution
		{B36B1E07-D9C0-4CB5-9055-EA8C0A622BA8}.Debug|Any CPU.ActiveCfg = Debug|Any CPU
		{B36B1E07-D9C0-4CB5-9055-EA8C0A622BA8}.Debug|Any CPU.Build.0 = Debug|Any CPU
		{B36B1E07-D9C0-4CB5-9055-EA8C0A622BA8}.Release|Any CPU.ActiveCfg = Release|Any CPU
		{B36B1E07-D9C0-4CB5-9055-EA8C0A622BA8}.Release|Any CPU.Build.0 = Release|Any CPU
	EndGlobalSection
	GlobalSection(SolutionProperties) = preSolution
		HideSolutionNode = FALSE
	EndGlobalSection
	GlobalSection(ExtensibilityGlobals) = postSolution
		SolutionGuid = {E37B360B-FDB8-42C0-B638-B40C2D622FA8}
	EndGlobalSection
EndGlobal
